
Microsoft Visual Studio Solution File, Format Version 12.00
# Visual Studio Version 17
VisualStudioVersion = 17.8.34322.80
MinimumVisualStudioVersion = 10.0.40219.1
Project("{FAE04EC0-301F-11D3-BF4B-00C04F79EFBC}") = "MusicPortal2", "MusicPortal2\MusicPortal2.csproj", "{B3381EF1-63B2-4BD4-B22D-9289FDB168B0}"
EndProject
Project("{FAE04EC0-301F-11D3-BF4B-00C04F79EFBC}") = "MusicPortal.DAL", "MusicPortal.DAL\MusicPortal.DAL.csproj", "{69E6E2E9-417C-403A-9EA6-2E492B331170}"
EndProject
Project("{FAE04EC0-301F-11D3-BF4B-00C04F79EFBC}") = "MusicPortal.BLL", "MusicPortal.BLL\MusicPortal.BLL.csproj", "{6B090572-D115-4BCC-BE36-AAEFFACBD4E2}"
EndProject
Global
	GlobalSection(SolutionConfigurationPlatforms) = preSolution
		Debug|Any CPU = Debug|Any CPU
		Release|Any CPU = Release|Any CPU
	EndGlobalSection
	GlobalSection(ProjectConfigurationPlatforms) = postSolution
		{B3381EF1-63B2-4BD4-B22D-9289FDB168B0}.Debug|Any CPU.ActiveCfg = Debug|Any CPU
		{B3381EF1-63B2-4BD4-B22D-9289FDB168B0}.Debug|Any CPU.Build.0 = Debug|Any CPU
		{B3381EF1-63B2-4BD4-B22D-9289FDB168B0}.Release|Any CPU.ActiveCfg = Release|Any CPU
		{B3381EF1-63B2-4BD4-B22D-9289FDB168B0}.Release|Any CPU.Build.0 = Release|Any CPU
		{69E6E2E9-417C-403A-9EA6-2E492B331170}.Debug|Any CPU.ActiveCfg = Debug|Any CPU
		{69E6E2E9-417C-403A-9EA6-2E492B331170}.Debug|Any CPU.Build.0 = Debug|Any CPU
		{69E6E2E9-417C-403A-9EA6-2E492B331170}.Release|Any CPU.ActiveCfg = Release|Any CPU
		{69E6E2E9-417C-403A-9EA6-2E492B331170}.Release|Any CPU.Build.0 = Release|Any CPU
		{6B090572-D115-4BCC-BE36-AAEFFACBD4E2}.Debug|Any CPU.ActiveCfg = Debug|Any CPU
		{6B090572-D115-4BCC-BE36-AAEFFACBD4E2}.Debug|Any CPU.Build.0 = Debug|Any CPU
		{6B090572-D115-4BCC-BE36-AAEFFACBD4E2}.Release|Any CPU.ActiveCfg = Release|Any CPU
		{6B090572-D115-4BCC-BE36-AAEFFACBD4E2}.Release|Any CPU.Build.0 = Release|Any CPU
	EndGlobalSection
	GlobalSection(SolutionProperties) = preSolution
		HideSolutionNode = FALSE
	EndGlobalSection
	GlobalSection(ExtensibilityGlobals) = postSolution
		SolutionGuid = {0C131E4B-7160-4A05-8619-65781A5E7705}
	EndGlobalSection
EndGlobal
